
Microsoft Visual Studio Solution File, Format Version 12.00
# Visual Studio Version 17
VisualStudioVersion = 17.9.34607.119
MinimumVisualStudioVersion = 10.0.40219.1
Project("{FAE04EC0-301F-11D3-BF4B-00C04F79EFBC}") = "ProectTM9App", "ProectTM9App\ProectTM9App.csproj", "{CAF0F67F-84DF-48CF-8796-E41EFD8A0FCD}"
EndProject
Project("{FAE04EC0-301F-11D3-BF4B-00C04F79EFBC}") = "ProectTM9Api", "ProectTM9Api\ProectTM9Api.csproj", "{74172F7F-3AB6-4974-988D-4391473F4EA8}"
EndProject
Global
	GlobalSection(SolutionConfigurationPlatforms) = preSolution
		Debug|Any CPU = Debug|Any CPU
		Release|Any CPU = Release|Any CPU
	EndGlobalSection
	GlobalSection(ProjectConfigurationPlatforms) = postSolution
		{CAF0F67F-84DF-48CF-8796-E41EFD8A0FCD}.Debug|Any CPU.ActiveCfg = Debug|Any CPU
		{CAF0F67F-84DF-48CF-8796-E41EFD8A0FCD}.Debug|Any CPU.Build.0 = Debug|Any CPU
		{CAF0F67F-84DF-48CF-8796-E41EFD8A0FCD}.Release|Any CPU.ActiveCfg = Release|Any CPU
		{CAF0F67F-84DF-48CF-8796-E41EFD8A0FCD}.Release|Any CPU.Build.0 = Release|Any CPU
		{74172F7F-3AB6-4974-988D-4391473F4EA8}.Debug|Any CPU.ActiveCfg = Debug|Any CPU
		{74172F7F-3AB6-4974-988D-4391473F4EA8}.Debug|Any CPU.Build.0 = Debug|Any CPU
		{74172F7F-3AB6-4974-988D-4391473F4EA8}.Release|Any CPU.ActiveCfg = Release|Any CPU
		{74172F7F-3AB6-4974-988D-4391473F4EA8}.Release|Any CPU.Build.0 = Release|Any CPU
	EndGlobalSection
	GlobalSection(SolutionProperties) = preSolution
		HideSolutionNode = FALSE
	EndGlobalSection
	GlobalSection(ExtensibilityGlobals) = postSolution
		SolutionGuid = {DB7F4D86-6F4C-4487-9C3B-CDAE0E8DBB2F}
	EndGlobalSection
EndGlobal
